
Microsoft Visual Studio Solution File, Format Version 12.00
# Visual Studio Version 17
VisualStudioVersion = 17.10.35122.118
MinimumVisualStudioVersion = 10.0.40219.1
Project("{9A19103F-16F7-4668-BE54-9A1E7A4F7556}") = "RestauranteApp.WPF", "RestauranteApp.WPF\RestauranteApp.WPF.csproj", "{7BFEA9EB-79B7-4030-9978-0FA408636CC1}"
EndProject
Project("{9A19103F-16F7-4668-BE54-9A1E7A4F7556}") = "RestauranteApp.Core", "RestauranteApp.Core\RestauranteApp.Core.csproj", "{AC6B9EF4-C4D9-422F-86EB-E8AA50F529D0}"
EndProject
Global
	GlobalSection(SolutionConfigurationPlatforms) = preSolution
		Debug|Any CPU = Debug|Any CPU
		Release|Any CPU = Release|Any CPU
	EndGlobalSection
	GlobalSection(ProjectConfigurationPlatforms) = postSolution
		{7BFEA9EB-79B7-4030-9978-0FA408636CC1}.Debug|Any CPU.ActiveCfg = Debug|Any CPU
		{7BFEA9EB-79B7-4030-9978-0FA408636CC1}.Debug|Any CPU.Build.0 = Debug|Any CPU
		{7BFEA9EB-79B7-4030-9978-0FA408636CC1}.Release|Any CPU.ActiveCfg = Release|Any CPU
		{7BFEA9EB-79B7-4030-9978-0FA408636CC1}.Release|Any CPU.Build.0 = Release|Any CPU
		{AC6B9EF4-C4D9-422F-86EB-E8AA50F529D0}.Debug|Any CPU.ActiveCfg = Debug|Any CPU
		{AC6B9EF4-C4D9-422F-86EB-E8AA50F529D0}.Debug|Any CPU.Build.0 = Debug|Any CPU
		{AC6B9EF4-C4D9-422F-86EB-E8AA50F529D0}.Release|Any CPU.ActiveCfg = Release|Any CPU
		{AC6B9EF4-C4D9-422F-86EB-E8AA50F529D0}.Release|Any CPU.Build.0 = Release|Any CPU
	EndGlobalSection
	GlobalSection(SolutionProperties) = preSolution
		HideSolutionNode = FALSE
	EndGlobalSection
	GlobalSection(ExtensibilityGlobals) = postSolution
		SolutionGuid = {7B45608F-6F4A-4A2B-A9E4-650030896732}
	EndGlobalSection
EndGlobal
